
Microsoft Visual Studio Solution File, Format Version 12.00
# Visual Studio Express 2012 for Windows Desktop
Project("{FAE04EC0-301F-11D3-BF4B-00C04F79EFBC}") = "YahooFinanceDownloader", "YahooFinanceDownloader\YahooFinanceDownloader.csproj", "{EEC58FBB-1D83-418D-9A05-7545A77B8628}"
EndProject
Project("{FAE04EC0-301F-11D3-BF4B-00C04F79EFBC}") = "YahooPriceBatchLoader", "YahooPriceBatchLoader\YahooPriceBatchLoader.csproj", "{1341FA0D-EEFF-47F0-8FE0-7AB95C53A96A}"
EndProject
Project("{FAE04EC0-301F-11D3-BF4B-00C04F79EFBC}") = "SQLUtils", "SQLUtils\SQLUtils.csproj", "{798E1668-7BEA-4377-AA86-C1A241096F6A}"
EndProject
Global
	GlobalSection(SolutionConfigurationPlatforms) = preSolution
		Debug|Any CPU = Debug|Any CPU
		Release|Any CPU = Release|Any CPU
	EndGlobalSection
	GlobalSection(ProjectConfigurationPlatforms) = postSolution
		{EEC58FBB-1D83-418D-9A05-7545A77B8628}.Debug|Any CPU.ActiveCfg = Debug|Any CPU
		{EEC58FBB-1D83-418D-9A05-7545A77B8628}.Debug|Any CPU.Build.0 = Debug|Any CPU
		{EEC58FBB-1D83-418D-9A05-7545A77B8628}.Release|Any CPU.ActiveCfg = Release|Any CPU
		{EEC58FBB-1D83-418D-9A05-7545A77B8628}.Release|Any CPU.Build.0 = Release|Any CPU
		{1341FA0D-EEFF-47F0-8FE0-7AB95C53A96A}.Debug|Any CPU.ActiveCfg = Debug|Any CPU
		{1341FA0D-EEFF-47F0-8FE0-7AB95C53A96A}.Debug|Any CPU.Build.0 = Debug|Any CPU
		{1341FA0D-EEFF-47F0-8FE0-7AB95C53A96A}.Release|Any CPU.ActiveCfg = Release|Any CPU
		{1341FA0D-EEFF-47F0-8FE0-7AB95C53A96A}.Release|Any CPU.Build.0 = Release|Any CPU
		{798E1668-7BEA-4377-AA86-C1A241096F6A}.Debug|Any CPU.ActiveCfg = Debug|Any CPU
		{798E1668-7BEA-4377-AA86-C1A241096F6A}.Debug|Any CPU.Build.0 = Debug|Any CPU
		{798E1668-7BEA-4377-AA86-C1A241096F6A}.Release|Any CPU.ActiveCfg = Release|Any CPU
		{798E1668-7BEA-4377-AA86-C1A241096F6A}.Release|Any CPU.Build.0 = Release|Any CPU
	EndGlobalSection
	GlobalSection(SolutionProperties) = preSolution
		HideSolutionNode = FALSE
	EndGlobalSection
EndGlobal
